
Microsoft Visual Studio Solution File, Format Version 11.00
# Visual Studio 2010
Project("{CC5FD16D-436D-48AD-A40C-5A424C6E3E79}") = "RDImageGallery", "RDImageGallery\RDImageGallery.ccproj", "{BF45C670-02AD-446E-96ED-F8E2A2396F28}"
EndProject
Project("{FAE04EC0-301F-11D3-BF4B-00C04F79EFBC}") = "RDImageGallery_WebRole", "RDImageGallery_WebRole\RDImageGallery_WebRole.csproj", "{A2E530B9-5075-430C-907A-E46E5BA68763}"
EndProject
Global
	GlobalSection(SolutionConfigurationPlatforms) = preSolution
		Debug|Any CPU = Debug|Any CPU
		Release|Any CPU = Release|Any CPU
	EndGlobalSection
	GlobalSection(ProjectConfigurationPlatforms) = postSolution
		{BF45C670-02AD-446E-96ED-F8E2A2396F28}.Debug|Any CPU.ActiveCfg = Debug|Any CPU
		{BF45C670-02AD-446E-96ED-F8E2A2396F28}.Debug|Any CPU.Build.0 = Debug|Any CPU
		{BF45C670-02AD-446E-96ED-F8E2A2396F28}.Release|Any CPU.ActiveCfg = Release|Any CPU
		{BF45C670-02AD-446E-96ED-F8E2A2396F28}.Release|Any CPU.Build.0 = Release|Any CPU
		{A2E530B9-5075-430C-907A-E46E5BA68763}.Debug|Any CPU.ActiveCfg = Debug|Any CPU
		{A2E530B9-5075-430C-907A-E46E5BA68763}.Debug|Any CPU.Build.0 = Debug|Any CPU
		{A2E530B9-5075-430C-907A-E46E5BA68763}.Release|Any CPU.ActiveCfg = Release|Any CPU
		{A2E530B9-5075-430C-907A-E46E5BA68763}.Release|Any CPU.Build.0 = Release|Any CPU
	EndGlobalSection
	GlobalSection(SolutionProperties) = preSolution
		HideSolutionNode = FALSE
	EndGlobalSection
EndGlobal
