
Microsoft Visual Studio Solution File, Format Version 11.00
# Visual Studio 2010
Project("{FAE04EC0-301F-11D3-BF4B-00C04F79EFBC}") = "PLANNING8", "PLANNING8\PLANNING8.csproj", "{9B9829CA-6229-451B-B54D-A7181A296092}"
EndProject
Global
	GlobalSection(SolutionConfigurationPlatforms) = preSolution
		Debug|Any CPU = Debug|Any CPU
		Release|Any CPU = Release|Any CPU
	EndGlobalSection
	GlobalSection(ProjectConfigurationPlatforms) = postSolution
		{9B9829CA-6229-451B-B54D-A7181A296092}.Debug|Any CPU.ActiveCfg = Debug|Any CPU
		{9B9829CA-6229-451B-B54D-A7181A296092}.Debug|Any CPU.Build.0 = Debug|Any CPU
		{9B9829CA-6229-451B-B54D-A7181A296092}.Release|Any CPU.ActiveCfg = Release|Any CPU
		{9B9829CA-6229-451B-B54D-A7181A296092}.Release|Any CPU.Build.0 = Release|Any CPU
	EndGlobalSection
	GlobalSection(SolutionProperties) = preSolution
		HideSolutionNode = FALSE
	EndGlobalSection
EndGlobal
