
Microsoft Visual Studio Solution File, Format Version 11.00
# Visual Studio 2010
Project("{FAE04EC0-301F-11D3-BF4B-00C04F79EFBC}") = "BlueTeamApp", "BlueTeamApp\BlueTeamApp.csproj", "{530296CD-52B2-487C-9943-DC21878DB6A5}"
EndProject
Project("{FAE04EC0-301F-11D3-BF4B-00C04F79EFBC}") = "BlueTeamApp.Tests", "BlueTeamApp.Tests\BlueTeamApp.Tests.csproj", "{DED90EC8-3E32-4C6E-AC14-252D86A5B792}"
EndProject
Global
	GlobalSection(SolutionConfigurationPlatforms) = preSolution
		Debug|Any CPU = Debug|Any CPU
		Release|Any CPU = Release|Any CPU
	EndGlobalSection
	GlobalSection(ProjectConfigurationPlatforms) = postSolution
		{530296CD-52B2-487C-9943-DC21878DB6A5}.Debug|Any CPU.ActiveCfg = Debug|Any CPU
		{530296CD-52B2-487C-9943-DC21878DB6A5}.Debug|Any CPU.Build.0 = Debug|Any CPU
		{530296CD-52B2-487C-9943-DC21878DB6A5}.Release|Any CPU.ActiveCfg = Release|Any CPU
		{530296CD-52B2-487C-9943-DC21878DB6A5}.Release|Any CPU.Build.0 = Release|Any CPU
		{DED90EC8-3E32-4C6E-AC14-252D86A5B792}.Debug|Any CPU.ActiveCfg = Debug|Any CPU
		{DED90EC8-3E32-4C6E-AC14-252D86A5B792}.Debug|Any CPU.Build.0 = Debug|Any CPU
		{DED90EC8-3E32-4C6E-AC14-252D86A5B792}.Release|Any CPU.ActiveCfg = Release|Any CPU
		{DED90EC8-3E32-4C6E-AC14-252D86A5B792}.Release|Any CPU.Build.0 = Release|Any CPU
	EndGlobalSection
	GlobalSection(SolutionProperties) = preSolution
		HideSolutionNode = FALSE
	EndGlobalSection
EndGlobal
